// !$*UTF8*$!
{
	archiveVersion = 1;
	classes = {
	};
	objectVersion = 55;
	objects = {

/* Begin PBXBuildFile section */
		9C07A8BE29B17FA90067552F /* FlightMapVC.swift in Sources */ = {isa = PBXBuildFile; fileRef = 9C07A8BD29B17FA90067552F /* FlightMapVC.swift */; };
		9C07A8C029B1813E0067552F /* SavedFlightVC.swift in Sources */ = {isa = PBXBuildFile; fileRef = 9C07A8BF29B1813E0067552F /* SavedFlightVC.swift */; };
		9C07A8C229B18B170067552F /* TabBarVC.swift in Sources */ = {isa = PBXBuildFile; fileRef = 9C07A8C129B18B160067552F /* TabBarVC.swift */; };
		9C5B3AC528DFD3570003B06A /* FlightModels.swift in Sources */ = {isa = PBXBuildFile; fileRef = 9C5B3AC428DFD3570003B06A /* FlightModels.swift */; };
		9C83318C28C585370083CE19 /* UIViewExtentions.swift in Sources */ = {isa = PBXBuildFile; fileRef = 9C83318B28C585370083CE19 /* UIViewExtentions.swift */; };
		9C83318E28C58EAA0083CE19 /* Cell.swift in Sources */ = {isa = PBXBuildFile; fileRef = 9C83318D28C58EA90083CE19 /* Cell.swift */; };
		9CEB148328877C3C004A8B5A /* AppDelegate.swift in Sources */ = {isa = PBXBuildFile; fileRef = 9CEB148228877C3C004A8B5A /* AppDelegate.swift */; };
		9CEB148528877C3C004A8B5A /* SceneDelegate.swift in Sources */ = {isa = PBXBuildFile; fileRef = 9CEB148428877C3C004A8B5A /* SceneDelegate.swift */; };
		9CEB148728877C3C004A8B5A /* ViewController.swift in Sources */ = {isa = PBXBuildFile; fileRef = 9CEB148628877C3C004A8B5A /* ViewController.swift */; };
		9CEB148C28877C49004A8B5A /* Assets.xcassets in Resources */ = {isa = PBXBuildFile; fileRef = 9CEB148B28877C49004A8B5A /* Assets.xcassets */; };
		9CEB148F28877C49004A8B5A /* LaunchScreen.storyboard in Resources */ = {isa = PBXBuildFile; fileRef = 9CEB148D28877C49004A8B5A /* LaunchScreen.storyboard */; };
		9CEB149A28877C4A004A8B5A /* JetTrackerTests.swift in Sources */ = {isa = PBXBuildFile; fileRef = 9CEB149928877C4A004A8B5A /* JetTrackerTests.swift */; };
		9CEB14A428877C4A004A8B5A /* JetTrackerUITests.swift in Sources */ = {isa = PBXBuildFile; fileRef = 9CEB14A328877C4A004A8B5A /* JetTrackerUITests.swift */; };
		9CEB14A628877C4A004A8B5A /* JetTrackerUITestsLaunchTests.swift in Sources */ = {isa = PBXBuildFile; fileRef = 9CEB14A528877C4A004A8B5A /* JetTrackerUITestsLaunchTests.swift */; };
/* End PBXBuildFile section */

/* Begin PBXContainerItemProxy section */
		9CEB149628877C4A004A8B5A /* PBXContainerItemProxy */ = {
			isa = PBXContainerItemProxy;
			containerPortal = 9CEB147728877C3C004A8B5A /* Project object */;
			proxyType = 1;
			remoteGlobalIDString = 9CEB147E28877C3C004A8B5A;
			remoteInfo = JetTracker;
		};
		9CEB14A028877C4A004A8B5A /* PBXContainerItemProxy */ = {
			isa = PBXContainerItemProxy;
			containerPortal = 9CEB147728877C3C004A8B5A /* Project object */;
			proxyType = 1;
			remoteGlobalIDString = 9CEB147E28877C3C004A8B5A;
			remoteInfo = JetTracker;
		};
/* End PBXContainerItemProxy section */

/* Begin PBXFileReference section */
		9C07A8BD29B17FA90067552F /* FlightMapVC.swift */ = {isa = PBXFileReference; lastKnownFileType = sourcecode.swift; path = FlightMapVC.swift; sourceTree = "<group>"; };
		9C07A8BF29B1813E0067552F /* SavedFlightVC.swift */ = {isa = PBXFileReference; lastKnownFileType = sourcecode.swift; path = SavedFlightVC.swift; sourceTree = "<group>"; };
		9C07A8C129B18B160067552F /* TabBarVC.swift */ = {isa = PBXFileReference; lastKnownFileType = sourcecode.swift; path = TabBarVC.swift; sourceTree = "<group>"; };
		9C5B3AC428DFD3570003B06A /* FlightModels.swift */ = {isa = PBXFileReference; lastKnownFileType = sourcecode.swift; path = FlightModels.swift; sourceTree = "<group>"; };
		9C83318B28C585370083CE19 /* UIViewExtentions.swift */ = {isa = PBXFileReference; lastKnownFileType = sourcecode.swift; path = UIViewExtentions.swift; sourceTree = "<group>"; };
		9C83318D28C58EA90083CE19 /* Cell.swift */ = {isa = PBXFileReference; lastKnownFileType = sourcecode.swift; path = Cell.swift; sourceTree = "<group>"; };
		9CEB147F28877C3C004A8B5A /* JetTracker.app */ = {isa = PBXFileReference; explicitFileType = wrapper.application; includeInIndex = 0; path = JetTracker.app; sourceTree = BUILT_PRODUCTS_DIR; };
		9CEB148228877C3C004A8B5A /* AppDelegate.swift */ = {isa = PBXFileReference; lastKnownFileType = sourcecode.swift; path = AppDelegate.swift; sourceTree = "<group>"; };
		9CEB148428877C3C004A8B5A /* SceneDelegate.swift */ = {isa = PBXFileReference; lastKnownFileType = sourcecode.swift; path = SceneDelegate.swift; sourceTree = "<group>"; };
		9CEB148628877C3C004A8B5A /* ViewController.swift */ = {isa = PBXFileReference; lastKnownFileType = sourcecode.swift; path = ViewController.swift; sourceTree = "<group>"; };
		9CEB148B28877C49004A8B5A /* Assets.xcassets */ = {isa = PBXFileReference; lastKnownFileType = folder.assetcatalog; path = Assets.xcassets; sourceTree = "<group>"; };
		9CEB148E28877C49004A8B5A /* Base */ = {isa = PBXFileReference; lastKnownFileType = file.storyboard; name = Base; path = Base.lproj/LaunchScreen.storyboard; sourceTree = "<group>"; };
		9CEB149028877C49004A8B5A /* Info.plist */ = {isa = PBXFileReference; lastKnownFileType = text.plist.xml; path = Info.plist; sourceTree = "<group>"; };
		9CEB149528877C4A004A8B5A /* JetTrackerTests.xctest */ = {isa = PBXFileReference; explicitFileType = wrapper.cfbundle; includeInIndex = 0; path = JetTrackerTests.xctest; sourceTree = BUILT_PRODUCTS_DIR; };
		9CEB149928877C4A004A8B5A /* JetTrackerTests.swift */ = {isa = PBXFileReference; lastKnownFileType = sourcecode.swift; path = JetTrackerTests.swift; sourceTree = "<group>"; };
		9CEB149F28877C4A004A8B5A /* JetTrackerUITests.xctest */ = {isa = PBXFileReference; explicitFileType = wrapper.cfbundle; includeInIndex = 0; path = JetTrackerUITests.xctest; sourceTree = BUILT_PRODUCTS_DIR; };
		9CEB14A328877C4A004A8B5A /* JetTrackerUITests.swift */ = {isa = PBXFileReference; lastKnownFileType = sourcecode.swift; path = JetTrackerUITests.swift; sourceTree = "<group>"; };
		9CEB14A528877C4A004A8B5A /* JetTrackerUITestsLaunchTests.swift */ = {isa = PBXFileReference; lastKnownFileType = sourcecode.swift; path = JetTrackerUITestsLaunchTests.swift; sourceTree = "<group>"; };
/* End PBXFileReference section */

/* Begin PBXFrameworksBuildPhase section */
		9CEB147C28877C3C004A8B5A /* Frameworks */ = {
			isa = PBXFrameworksBuildPhase;
			buildActionMask = 2147483647;
			files = (
			);
			runOnlyForDeploymentPostprocessing = 0;
		};
		9CEB149228877C4A004A8B5A /* Frameworks */ = {
			isa = PBXFrameworksBuildPhase;
			buildActionMask = 2147483647;
			files = (
			);
			runOnlyForDeploymentPostprocessing = 0;
		};
		9CEB149C28877C4A004A8B5A /* Frameworks */ = {
			isa = PBXFrameworksBuildPhase;
			buildActionMask = 2147483647;
			files = (
			);
			runOnlyForDeploymentPostprocessing = 0;
		};
/* End PBXFrameworksBuildPhase section */

/* Begin PBXGroup section */
		9C83318A28C584D10083CE19 /* Extentions + Utilities */ = {
			isa = PBXGroup;
			children = (
				9C83318B28C585370083CE19 /* UIViewExtentions.swift */,
			);
			path = "Extentions + Utilities";
			sourceTree = "<group>";
		};
		9CEB147628877C3C004A8B5A = {
			isa = PBXGroup;
			children = (
				9C83318A28C584D10083CE19 /* Extentions + Utilities */,
				9CEB148128877C3C004A8B5A /* JetTracker */,
				9CEB149828877C4A004A8B5A /* JetTrackerTests */,
				9CEB14A228877C4A004A8B5A /* JetTrackerUITests */,
				9CEB148028877C3C004A8B5A /* Products */,
			);
			sourceTree = "<group>";
		};
		9CEB148028877C3C004A8B5A /* Products */ = {
			isa = PBXGroup;
			children = (
				9CEB147F28877C3C004A8B5A /* JetTracker.app */,
				9CEB149528877C4A004A8B5A /* JetTrackerTests.xctest */,
				9CEB149F28877C4A004A8B5A /* JetTrackerUITests.xctest */,
			);
			name = Products;
			sourceTree = "<group>";
		};
		9CEB148128877C3C004A8B5A /* JetTracker */ = {
			isa = PBXGroup;
			children = (
				9CEB14B228877E9F004A8B5A /* Models */,
				9CEB14B328877EAB004A8B5A /* Views */,
				9CEB14B428877EB3004A8B5A /* Controllers */,
				9CEB148228877C3C004A8B5A /* AppDelegate.swift */,
				9CEB148428877C3C004A8B5A /* SceneDelegate.swift */,
				9CEB148B28877C49004A8B5A /* Assets.xcassets */,
				9CEB148D28877C49004A8B5A /* LaunchScreen.storyboard */,
				9CEB149028877C49004A8B5A /* Info.plist */,
			);
			path = JetTracker;
			sourceTree = "<group>";
		};
		9CEB149828877C4A004A8B5A /* JetTrackerTests */ = {
			isa = PBXGroup;
			children = (
				9CEB149928877C4A004A8B5A /* JetTrackerTests.swift */,
			);
			path = JetTrackerTests;
			sourceTree = "<group>";
		};
		9CEB14A228877C4A004A8B5A /* JetTrackerUITests */ = {
			isa = PBXGroup;
			children = (
				9CEB14A328877C4A004A8B5A /* JetTrackerUITests.swift */,
				9CEB14A528877C4A004A8B5A /* JetTrackerUITestsLaunchTests.swift */,
			);
			path = JetTrackerUITests;
			sourceTree = "<group>";
		};
		9CEB14B228877E9F004A8B5A /* Models */ = {
			isa = PBXGroup;
			children = (
				9C5B3AC428DFD3570003B06A /* FlightModels.swift */,
			);
			path = Models;
			sourceTree = "<group>";
		};
		9CEB14B328877EAB004A8B5A /* Views */ = {
			isa = PBXGroup;
			children = (
			);
			path = Views;
			sourceTree = "<group>";
		};
		9CEB14B428877EB3004A8B5A /* Controllers */ = {
			isa = PBXGroup;
			children = (
				9C07A8C129B18B160067552F /* TabBarVC.swift */,
				9C07A8BF29B1813E0067552F /* SavedFlightVC.swift */,
				9CEB148628877C3C004A8B5A /* ViewController.swift */,
				9C07A8BD29B17FA90067552F /* FlightMapVC.swift */,
				9C83318D28C58EA90083CE19 /* Cell.swift */,
			);
			path = Controllers;
			sourceTree = "<group>";
		};
/* End PBXGroup section */

/* Begin PBXNativeTarget section */
		9CEB147E28877C3C004A8B5A /* JetTracker */ = {
			isa = PBXNativeTarget;
			buildConfigurationList = 9CEB14A928877C4A004A8B5A /* Build configuration list for PBXNativeTarget "JetTracker" */;
			buildPhases = (
				9CEB147B28877C3C004A8B5A /* Sources */,
				9CEB147C28877C3C004A8B5A /* Frameworks */,
				9CEB147D28877C3C004A8B5A /* Resources */,
			);
			buildRules = (
			);
			dependencies = (
			);
			name = JetTracker;
			productName = JetTracker;
			productReference = 9CEB147F28877C3C004A8B5A /* JetTracker.app */;
			productType = "com.apple.product-type.application";
		};
		9CEB149428877C4A004A8B5A /* JetTrackerTests */ = {
			isa = PBXNativeTarget;
			buildConfigurationList = 9CEB14AC28877C4A004A8B5A /* Build configuration list for PBXNativeTarget "JetTrackerTests" */;
			buildPhases = (
				9CEB149128877C4A004A8B5A /* Sources */,
				9CEB149228877C4A004A8B5A /* Frameworks */,
				9CEB149328877C4A004A8B5A /* Resources */,
			);
			buildRules = (
			);
			dependencies = (
				9CEB149728877C4A004A8B5A /* PBXTargetDependency */,
			);
			name = JetTrackerTests;
			productName = JetTrackerTests;
			productReference = 9CEB149528877C4A004A8B5A /* JetTrackerTests.xctest */;
			productType = "com.apple.product-type.bundle.unit-test";
		};
		9CEB149E28877C4A004A8B5A /* JetTrackerUITests */ = {
			isa = PBXNativeTarget;
			buildConfigurationList = 9CEB14AF28877C4A004A8B5A /* Build configuration list for PBXNativeTarget "JetTrackerUITests" */;
			buildPhases = (
				9CEB149B28877C4A004A8B5A /* Sources */,
				9CEB149C28877C4A004A8B5A /* Frameworks */,
				9CEB149D28877C4A004A8B5A /* Resources */,
			);
			buildRules = (
			);
			dependencies = (
				9CEB14A128877C4A004A8B5A /* PBXTargetDependency */,
			);
			name = JetTrackerUITests;
			productName = JetTrackerUITests;
			productReference = 9CEB149F28877C4A004A8B5A /* JetTrackerUITests.xctest */;
			productType = "com.apple.product-type.bundle.ui-testing";
		};
/* End PBXNativeTarget section */

/* Begin PBXProject section */
		9CEB147728877C3C004A8B5A /* Project object */ = {
			isa = PBXProject;
			attributes = {
				BuildIndependentTargetsInParallel = 1;
				LastSwiftUpdateCheck = 1310;
				LastUpgradeCheck = 1310;
				TargetAttributes = {
					9CEB147E28877C3C004A8B5A = {
						CreatedOnToolsVersion = 13.1;
					};
					9CEB149428877C4A004A8B5A = {
						CreatedOnToolsVersion = 13.1;
						TestTargetID = 9CEB147E28877C3C004A8B5A;
					};
					9CEB149E28877C4A004A8B5A = {
						CreatedOnToolsVersion = 13.1;
						TestTargetID = 9CEB147E28877C3C004A8B5A;
					};
				};
			};
			buildConfigurationList = 9CEB147A28877C3C004A8B5A /* Build configuration list for PBXProject "JetTracker" */;
			compatibilityVersion = "Xcode 13.0";
			developmentRegion = en;
			hasScannedForEncodings = 0;
			knownRegions = (
				en,
				Base,
			);
			mainGroup = 9CEB147628877C3C004A8B5A;
			productRefGroup = 9CEB148028877C3C004A8B5A /* Products */;
			projectDirPath = "";
			projectRoot = "";
			targets = (
				9CEB147E28877C3C004A8B5A /* JetTracker */,
				9CEB149428877C4A004A8B5A /* JetTrackerTests */,
				9CEB149E28877C4A004A8B5A /* JetTrackerUITests */,
			);
		};
/* End PBXProject section */

/* Begin PBXResourcesBuildPhase section */
		9CEB147D28877C3C004A8B5A /* Resources */ = {
			isa = PBXResourcesBuildPhase;
			buildActionMask = 2147483647;
			files = (
				9CEB148F28877C49004A8B5A /* LaunchScreen.storyboard in Resources */,
				9CEB148C28877C49004A8B5A /* Assets.xcassets in Resources */,
			);
			runOnlyForDeploymentPostprocessing = 0;
		};
		9CEB149328877C4A004A8B5A /* Resources */ = {
			isa = PBXResourcesBuildPhase;
			buildActionMask = 2147483647;
			files = (
			);
			runOnlyForDeploymentPostprocessing = 0;
		};
		9CEB149D28877C4A004A8B5A /* Resources */ = {
			isa = PBXResourcesBuildPhase;
			buildActionMask = 2147483647;
			files = (
			);
			runOnlyForDeploymentPostprocessing = 0;
		};
/* End PBXResourcesBuildPhase section */

/* Begin PBXSourcesBuildPhase section */
		9CEB147B28877C3C004A8B5A /* Sources */ = {
			isa = PBXSourcesBuildPhase;
			buildActionMask = 2147483647;
			files = (
				9CEB148728877C3C004A8B5A /* ViewController.swift in Sources */,
				9CEB148328877C3C004A8B5A /* AppDelegate.swift in Sources */,
				9C83318E28C58EAA0083CE19 /* Cell.swift in Sources */,
				9CEB148528877C3C004A8B5A /* SceneDelegate.swift in Sources */,
				9C07A8C229B18B170067552F /* TabBarVC.swift in Sources */,
				9C07A8BE29B17FA90067552F /* FlightMapVC.swift in Sources */,
				9C07A8C029B1813E0067552F /* SavedFlightVC.swift in Sources */,
				9C83318C28C585370083CE19 /* UIViewExtentions.swift in Sources */,
				9C5B3AC528DFD3570003B06A /* FlightModels.swift in Sources */,
			);
			runOnlyForDeploymentPostprocessing = 0;
		};
		9CEB149128877C4A004A8B5A /* Sources */ = {
			isa = PBXSourcesBuildPhase;
			buildActionMask = 2147483647;
			files = (
				9CEB149A28877C4A004A8B5A /* JetTrackerTests.swift in Sources */,
			);
			runOnlyForDeploymentPostprocessing = 0;
		};
		9CEB149B28877C4A004A8B5A /* Sources */ = {
			isa = PBXSourcesBuildPhase;
			buildActionMask = 2147483647;
			files = (
				9CEB14A428877C4A004A8B5A /* JetTrackerUITests.swift in Sources */,
				9CEB14A628877C4A004A8B5A /* JetTrackerUITestsLaunchTests.swift in Sources */,
			);
			runOnlyForDeploymentPostprocessing = 0;
		};
/* End PBXSourcesBuildPhase section */

/* Begin PBXTargetDependency section */
		9CEB149728877C4A004A8B5A /* PBXTargetDependency */ = {
			isa = PBXTargetDependency;
			target = 9CEB147E28877C3C004A8B5A /* JetTracker */;
			targetProxy = 9CEB149628877C4A004A8B5A /* PBXContainerItemProxy */;
		};
		9CEB14A128877C4A004A8B5A /* PBXTargetDependency */ = {
			isa = PBXTargetDependency;
			target = 9CEB147E28877C3C004A8B5A /* JetTracker */;
			targetProxy = 9CEB14A028877C4A004A8B5A /* PBXContainerItemProxy */;
		};
/* End PBXTargetDependency section */

/* Begin PBXVariantGroup section */
		9CEB148D28877C49004A8B5A /* LaunchScreen.storyboard */ = {
			isa = PBXVariantGroup;
			children = (
				9CEB148E28877C49004A8B5A /* Base */,
			);
			name = LaunchScreen.storyboard;
			sourceTree = "<group>";
		};
/* End PBXVariantGroup section */

/* Begin XCBuildConfiguration section */
		9CEB14A728877C4A004A8B5A /* Debug */ = {
			isa = XCBuildConfiguration;
			buildSettings = {
				ALWAYS_SEARCH_USER_PATHS = NO;
				CLANG_ANALYZER_NONNULL = YES;
				CLANG_ANALYZER_NUMBER_OBJECT_CONVERSION = YES_AGGRESSIVE;
				CLANG_CXX_LANGUAGE_STANDARD = "gnu++17";
				CLANG_CXX_LIBRARY = "libc++";
				CLANG_ENABLE_MODULES = YES;
				CLANG_ENABLE_OBJC_ARC = YES;
				CLANG_ENABLE_OBJC_WEAK = YES;
				CLANG_WARN_BLOCK_CAPTURE_AUTORELEASING = YES;
				CLANG_WARN_BOOL_CONVERSION = YES;
				CLANG_WARN_COMMA = YES;
				CLANG_WARN_CONSTANT_CONVERSION = YES;
				CLANG_WARN_DEPRECATED_OBJC_IMPLEMENTATIONS = YES;
				CLANG_WARN_DIRECT_OBJC_ISA_USAGE = YES_ERROR;
				CLANG_WARN_DOCUMENTATION_COMMENTS = YES;
				CLANG_WARN_EMPTY_BODY = YES;
				CLANG_WARN_ENUM_CONVERSION = YES;
				CLANG_WARN_INFINITE_RECURSION = YES;
				CLANG_WARN_INT_CONVERSION = YES;
				CLANG_WARN_NON_LITERAL_NULL_CONVERSION = YES;
				CLANG_WARN_OBJC_IMPLICIT_RETAIN_SELF = YES;
				CLANG_WARN_OBJC_LITERAL_CONVERSION = YES;
				CLANG_WARN_OBJC_ROOT_CLASS = YES_ERROR;
				CLANG_WARN_QUOTED_INCLUDE_IN_FRAMEWORK_HEADER = YES;
				CLANG_WARN_RANGE_LOOP_ANALYSIS = YES;
				CLANG_WARN_STRICT_PROTOTYPES = YES;
				CLANG_WARN_SUSPICIOUS_MOVE = YES;
				CLANG_WARN_UNGUARDED_AVAILABILITY = YES_AGGRESSIVE;
				CLANG_WARN_UNREACHABLE_CODE = YES;
				CLANG_WARN__DUPLICATE_METHOD_MATCH = YES;
				COPY_PHASE_STRIP = NO;
				DEBUG_INFORMATION_FORMAT = dwarf;
				ENABLE_STRICT_OBJC_MSGSEND = YES;
				ENABLE_TESTABILITY = YES;
				GCC_C_LANGUAGE_STANDARD = gnu11;
				GCC_DYNAMIC_NO_PIC = NO;
				GCC_NO_COMMON_BLOCKS = YES;
				GCC_OPTIMIZATION_LEVEL = 0;
				GCC_PREPROCESSOR_DEFINITIONS = (
					"DEBUG=1",
					"$(inherited)",
				);
				GCC_WARN_64_TO_32_BIT_CONVERSION = YES;
				GCC_WARN_ABOUT_RETURN_TYPE = YES_ERROR;
				GCC_WARN_UNDECLARED_SELECTOR = YES;
				GCC_WARN_UNINITIALIZED_AUTOS = YES_AGGRESSIVE;
				GCC_WARN_UNUSED_FUNCTION = YES;
				GCC_WARN_UNUSED_VARIABLE = YES;
				IPHONEOS_DEPLOYMENT_TARGET = 15.0;
				MTL_ENABLE_DEBUG_INFO = INCLUDE_SOURCE;
				MTL_FAST_MATH = YES;
				ONLY_ACTIVE_ARCH = YES;
				SDKROOT = iphoneos;
				SWIFT_ACTIVE_COMPILATION_CONDITIONS = DEBUG;
				SWIFT_OPTIMIZATION_LEVEL = "-Onone";
			};
			name = Debug;
		};
		9CEB14A828877C4A004A8B5A /* Release */ = {
			isa = XCBuildConfiguration;
			buildSettings = {
				ALWAYS_SEARCH_USER_PATHS = NO;
				CLANG_ANALYZER_NONNULL = YES;
				CLANG_ANALYZER_NUMBER_OBJECT_CONVERSION = YES_AGGRESSIVE;
				CLANG_CXX_LANGUAGE_STANDARD = "gnu++17";
				CLANG_CXX_LIBRARY = "libc++";
				CLANG_ENABLE_MODULES = YES;
				CLANG_ENABLE_OBJC_ARC = YES;
				CLANG_ENABLE_OBJC_WEAK = YES;
				CLANG_WARN_BLOCK_CAPTURE_AUTORELEASING = YES;
				CLANG_WARN_BOOL_CONVERSION = YES;
				CLANG_WARN_COMMA = YES;
				CLANG_WARN_CONSTANT_CONVERSION = YES;
				CLANG_WARN_DEPRECATED_OBJC_IMPLEMENTATIONS = YES;
				CLANG_WARN_DIRECT_OBJC_ISA_USAGE = YES_ERROR;
				CLANG_WARN_DOCUMENTATION_COMMENTS = YES;
				CLANG_WARN_EMPTY_BODY = YES;
				CLANG_WARN_ENUM_CONVERSION = YES;
				CLANG_WARN_INFINITE_RECURSION = YES;
				CLANG_WARN_INT_CONVERSION = YES;
				CLANG_WARN_NON_LITERAL_NULL_CONVERSION = YES;
				CLANG_WARN_OBJC_IMPLICIT_RETAIN_SELF = YES;
				CLANG_WARN_OBJC_LITERAL_CONVERSION = YES;
				CLANG_WARN_OBJC_ROOT_CLASS = YES_ERROR;
				CLANG_WARN_QUOTED_INCLUDE_IN_FRAMEWORK_HEADER = YES;
				CLANG_WARN_RANGE_LOOP_ANALYSIS = YES;
				CLANG_WARN_STRICT_PROTOTYPES = YES;
				CLANG_WARN_SUSPICIOUS_MOVE = YES;
				CLANG_WARN_UNGUARDED_AVAILABILITY = YES_AGGRESSIVE;
				CLANG_WARN_UNREACHABLE_CODE = YES;
				CLANG_WARN__DUPLICATE_METHOD_MATCH = YES;
				COPY_PHASE_STRIP = NO;
				DEBUG_INFORMATION_FORMAT = "dwarf-with-dsym";
				ENABLE_NS_ASSERTIONS = NO;
				ENABLE_STRICT_OBJC_MSGSEND = YES;
				GCC_C_LANGUAGE_STANDARD = gnu11;
				GCC_NO_COMMON_BLOCKS = YES;
				GCC_WARN_64_TO_32_BIT_CONVERSION = YES;
				GCC_WARN_ABOUT_RETURN_TYPE = YES_ERROR;
				GCC_WARN_UNDECLARED_SELECTOR = YES;
				GCC_WARN_UNINITIALIZED_AUTOS = YES_AGGRESSIVE;
				GCC_WARN_UNUSED_FUNCTION = YES;
				GCC_WARN_UNUSED_VARIABLE = YES;
				IPHONEOS_DEPLOYMENT_TARGET = 15.0;
				MTL_ENABLE_DEBUG_INFO = NO;
				MTL_FAST_MATH = YES;
				SDKROOT = iphoneos;
				SWIFT_COMPILATION_MODE = wholemodule;
				SWIFT_OPTIMIZATION_LEVEL = "-O";
				VALIDATE_PRODUCT = YES;
			};
			name = Release;
		};
		9CEB14AA28877C4A004A8B5A /* Debug */ = {
			isa = XCBuildConfiguration;
			buildSettings = {
				ASSETCATALOG_COMPILER_APPICON_NAME = AppIcon;
				ASSETCATALOG_COMPILER_GLOBAL_ACCENT_COLOR_NAME = AccentColor;
				CODE_SIGN_STYLE = Automatic;
				CURRENT_PROJECT_VERSION = 1;
				GENERATE_INFOPLIST_FILE = YES;
				INFOPLIST_FILE = JetTracker/Info.plist;
				INFOPLIST_KEY_UIApplicationSupportsIndirectInputEvents = YES;
				INFOPLIST_KEY_UILaunchStoryboardName = LaunchScreen;
				INFOPLIST_KEY_UISupportedInterfaceOrientations_iPad = "UIInterfaceOrientationPortrait UIInterfaceOrientationPortraitUpsideDown UIInterfaceOrientationLandscapeLeft UIInterfaceOrientationLandscapeRight";
				INFOPLIST_KEY_UISupportedInterfaceOrientations_iPhone = "UIInterfaceOrientationPortrait UIInterfaceOrientationLandscapeLeft UIInterfaceOrientationLandscapeRight";
				LD_RUNPATH_SEARCH_PATHS = (
					"$(inherited)",
					"@executable_path/Frameworks",
				);
				MARKETING_VERSION = 1.0;
				PRODUCT_BUNDLE_IDENTIFIER = com.tahsinp.JetTracker;
				PRODUCT_NAME = "$(TARGET_NAME)";
				SWIFT_EMIT_LOC_STRINGS = YES;
				SWIFT_VERSION = 5.0;
				TARGETED_DEVICE_FAMILY = "1,2";
			};
			name = Debug;
		};
		9CEB14AB28877C4A004A8B5A /* Release */ = {
			isa = XCBuildConfiguration;
			buildSettings = {
				ASSETCATALOG_COMPILER_APPICON_NAME = AppIcon;
				ASSETCATALOG_COMPILER_GLOBAL_ACCENT_COLOR_NAME = AccentColor;
				CODE_SIGN_STYLE = Automatic;
				CURRENT_PROJECT_VERSION = 1;
				GENERATE_INFOPLIST_FILE = YES;
				INFOPLIST_FILE = JetTracker/Info.plist;
				INFOPLIST_KEY_UIApplicationSupportsIndirectInputEvents = YES;
				INFOPLIST_KEY_UILaunchStoryboardName = LaunchScreen;
				INFOPLIST_KEY_UISupportedInterfaceOrientations_iPad = "UIInterfaceOrientationPortrait UIInterfaceOrientationPortraitUpsideDown UIInterfaceOrientationLandscapeLeft UIInterfaceOrientationLandscapeRight";
				INFOPLIST_KEY_UISupportedInterfaceOrientations_iPhone = "UIInterfaceOrientationPortrait UIInterfaceOrientationLandscapeLeft UIInterfaceOrientationLandscapeRight";
				LD_RUNPATH_SEARCH_PATHS = (
					"$(inherited)",
					"@executable_path/Frameworks",
				);
				MARKETING_VERSION = 1.0;
				PRODUCT_BUNDLE_IDENTIFIER = com.tahsinp.JetTracker;
				PRODUCT_NAME = "$(TARGET_NAME)";
				SWIFT_EMIT_LOC_STRINGS = YES;
				SWIFT_VERSION = 5.0;
				TARGETED_DEVICE_FAMILY = "1,2";
			};
			name = Release;
		};
		9CEB14AD28877C4A004A8B5A /* Debug */ = {
			isa = XCBuildConfiguration;
			buildSettings = {
				ALWAYS_EMBED_SWIFT_STANDARD_LIBRARIES = YES;
				BUNDLE_LOADER = "$(TEST_HOST)";
				CODE_SIGN_STYLE = Automatic;
				CURRENT_PROJECT_VERSION = 1;
				GENERATE_INFOPLIST_FILE = YES;
				IPHONEOS_DEPLOYMENT_TARGET = 15.0;
				LD_RUNPATH_SEARCH_PATHS = (
					"$(inherited)",
					"@executable_path/Frameworks",
					"@loader_path/Frameworks",
				);
				MARKETING_VERSION = 1.0;
				PRODUCT_BUNDLE_IDENTIFIER = com.tahsinp.JetTrackerTests;
				PRODUCT_NAME = "$(TARGET_NAME)";
				SWIFT_EMIT_LOC_STRINGS = NO;
				SWIFT_VERSION = 5.0;
				TARGETED_DEVICE_FAMILY = "1,2";
				TEST_HOST = "$(BUILT_PRODUCTS_DIR)/JetTracker.app/JetTracker";
			};
			name = Debug;
		};
		9CEB14AE28877C4A004A8B5A /* Release */ = {
			isa = XCBuildConfiguration;
			buildSettings = {
				ALWAYS_EMBED_SWIFT_STANDARD_LIBRARIES = YES;
				BUNDLE_LOADER = "$(TEST_HOST)";
				CODE_SIGN_STYLE = Automatic;
				CURRENT_PROJECT_VERSION = 1;
				GENERATE_INFOPLIST_FILE = YES;
				IPHONEOS_DEPLOYMENT_TARGET = 15.0;
				LD_RUNPATH_SEARCH_PATHS = (
					"$(inherited)",
					"@executable_path/Frameworks",
					"@loader_path/Frameworks",
				);
				MARKETING_VERSION = 1.0;
				PRODUCT_BUNDLE_IDENTIFIER = com.tahsinp.JetTrackerTests;
				PRODUCT_NAME = "$(TARGET_NAME)";
				SWIFT_EMIT_LOC_STRINGS = NO;
				SWIFT_VERSION = 5.0;
				TARGETED_DEVICE_FAMILY = "1,2";
				TEST_HOST = "$(BUILT_PRODUCTS_DIR)/JetTracker.app/JetTracker";
			};
			name = Release;
		};
		9CEB14B028877C4A004A8B5A /* Debug */ = {
			isa = XCBuildConfiguration;
			buildSettings = {
				ALWAYS_EMBED_SWIFT_STANDARD_LIBRARIES = YES;
				CODE_SIGN_STYLE = Automatic;
				CURRENT_PROJECT_VERSION = 1;
				GENERATE_INFOPLIST_FILE = YES;
				LD_RUNPATH_SEARCH_PATHS = (
					"$(inherited)",
					"@executable_path/Frameworks",
					"@loader_path/Frameworks",
				);
				MARKETING_VERSION = 1.0;
				PRODUCT_BUNDLE_IDENTIFIER = com.tahsinp.JetTrackerUITests;
				PRODUCT_NAME = "$(TARGET_NAME)";
				SWIFT_EMIT_LOC_STRINGS = NO;
				SWIFT_VERSION = 5.0;
				TARGETED_DEVICE_FAMILY = "1,2";
				TEST_TARGET_NAME = JetTracker;
			};
			name = Debug;
		};
		9CEB14B128877C4A004A8B5A /* Release */ = {
			isa = XCBuildConfiguration;
			buildSettings = {
				ALWAYS_EMBED_SWIFT_STANDARD_LIBRARIES = YES;
				CODE_SIGN_STYLE = Automatic;
				CURRENT_PROJECT_VERSION = 1;
				GENERATE_INFOPLIST_FILE = YES;
				LD_RUNPATH_SEARCH_PATHS = (
					"$(inherited)",
					"@executable_path/Frameworks",
					"@loader_path/Frameworks",
				);
				MARKETING_VERSION = 1.0;
				PRODUCT_BUNDLE_IDENTIFIER = com.tahsinp.JetTrackerUITests;
				PRODUCT_NAME = "$(TARGET_NAME)";
				SWIFT_EMIT_LOC_STRINGS = NO;
				SWIFT_VERSION = 5.0;
				TARGETED_DEVICE_FAMILY = "1,2";
				TEST_TARGET_NAME = JetTracker;
			};
			name = Release;
		};
/* End XCBuildConfiguration section */

/* Begin XCConfigurationList section */
		9CEB147A28877C3C004A8B5A /* Build configuration list for PBXProject "JetTracker" */ = {
			isa = XCConfigurationList;
			buildConfigurations = (
				9CEB14A728877C4A004A8B5A /* Debug */,
				9CEB14A828877C4A004A8B5A /* Release */,
			);
			defaultConfigurationIsVisible = 0;
			defaultConfigurationName = Release;
		};
		9CEB14A928877C4A004A8B5A /* Build configuration list for PBXNativeTarget "JetTracker" */ = {
			isa = XCConfigurationList;
			buildConfigurations = (
				9CEB14AA28877C4A004A8B5A /* Debug */,
				9CEB14AB28877C4A004A8B5A /* Release */,
			);
			defaultConfigurationIsVisible = 0;
			defaultConfigurationName = Release;
		};
		9CEB14AC28877C4A004A8B5A /* Build configuration list for PBXNativeTarget "JetTrackerTests" */ = {
			isa = XCConfigurationList;
			buildConfigurations = (
				9CEB14AD28877C4A004A8B5A /* Debug */,
				9CEB14AE28877C4A004A8B5A /* Release */,
			);
			defaultConfigurationIsVisible = 0;
			defaultConfigurationName = Release;
		};
		9CEB14AF28877C4A004A8B5A /* Build configuration list for PBXNativeTarget "JetTrackerUITests" */ = {
			isa = XCConfigurationList;
			buildConfigurations = (
				9CEB14B028877C4A004A8B5A /* Debug */,
				9CEB14B128877C4A004A8B5A /* Release */,
			);
			defaultConfigurationIsVisible = 0;
			defaultConfigurationName = Release;
		};
/* End XCConfigurationList section */
	};
	rootObject = 9CEB147728877C3C004A8B5A /* Project object */;
}
